
Microsoft Visual Studio Solution File, Format Version 12.00
# Visual Studio Version 16
VisualStudioVersion = 16.0.31624.102
MinimumVisualStudioVersion = 10.0.40219.1
Project("{FAE04EC0-301F-11D3-BF4B-00C04F79EFBC}") = "cloud", "cloud\cloud.csproj", "{DEE471F0-CA46-4A9C-B9C3-78C85FF42D3D}"
EndProject
Global
	GlobalSection(SolutionConfigurationPlatforms) = preSolution
		Debug|Any CPU = Debug|Any CPU
		Release|Any CPU = Release|Any CPU
	EndGlobalSection
	GlobalSection(ProjectConfigurationPlatforms) = postSolution
		{DEE471F0-CA46-4A9C-B9C3-78C85FF42D3D}.Debug|Any CPU.ActiveCfg = Debug|Any CPU
		{DEE471F0-CA46-4A9C-B9C3-78C85FF42D3D}.Debug|Any CPU.Build.0 = Debug|Any CPU
		{DEE471F0-CA46-4A9C-B9C3-78C85FF42D3D}.Release|Any CPU.ActiveCfg = Release|Any CPU
		{DEE471F0-CA46-4A9C-B9C3-78C85FF42D3D}.Release|Any CPU.Build.0 = Release|Any CPU
	EndGlobalSection
	GlobalSection(SolutionProperties) = preSolution
		HideSolutionNode = FALSE
	EndGlobalSection
	GlobalSection(ExtensibilityGlobals) = postSolution
		SolutionGuid = {0E61BC89-C8CF-400F-8BEF-0693016FC7AF}
	EndGlobalSection
EndGlobal
